
Microsoft Visual Studio Solution File, Format Version 12.00
# Visual Studio Version 17
VisualStudioVersion = 17.13.35806.99 d17.13
MinimumVisualStudioVersion = 10.0.40219.1
Project("{FAE04EC0-301F-11D3-BF4B-00C04F79EFBC}") = "textBox", "textBox.csproj", "{C092C8CC-D53B-4800-8F33-5C169F3D1128}"
EndProject
Global
	GlobalSection(SolutionConfigurationPlatforms) = preSolution
		Debug|Any CPU = Debug|Any CPU
		Release|Any CPU = Release|Any CPU
	EndGlobalSection
	GlobalSection(ProjectConfigurationPlatforms) = postSolution
		{C092C8CC-D53B-4800-8F33-5C169F3D1128}.Debug|Any CPU.ActiveCfg = Debug|Any CPU
		{C092C8CC-D53B-4800-8F33-5C169F3D1128}.Debug|Any CPU.Build.0 = Debug|Any CPU
		{C092C8CC-D53B-4800-8F33-5C169F3D1128}.Release|Any CPU.ActiveCfg = Release|Any CPU
		{C092C8CC-D53B-4800-8F33-5C169F3D1128}.Release|Any CPU.Build.0 = Release|Any CPU
	EndGlobalSection
	GlobalSection(SolutionProperties) = preSolution
		HideSolutionNode = FALSE
	EndGlobalSection
	GlobalSection(ExtensibilityGlobals) = postSolution
		SolutionGuid = {E402C6FD-E4EB-47B8-84D5-E93B2FF931C0}
	EndGlobalSection
EndGlobal
